
Microsoft Visual Studio Solution File, Format Version 12.00
# Visual Studio Version 17
VisualStudioVersion = 17.0.31903.59
MinimumVisualStudioVersion = 10.0.40219.1
Project("{FAE04EC0-301F-11D3-BF4B-00C04F79EFBC}") = "EC.Application.API", "EC.Application.API\EC.Application.API.csproj", "{B9917B4B-AF27-4EEA-BD54-1CAB8D7D0540}"
EndProject
Global
	GlobalSection(SolutionConfigurationPlatforms) = preSolution
		Debug|Any CPU = Debug|Any CPU
		Release|Any CPU = Release|Any CPU
	EndGlobalSection
	GlobalSection(ProjectConfigurationPlatforms) = postSolution
		{B9917B4B-AF27-4EEA-BD54-1CAB8D7D0540}.Debug|Any CPU.ActiveCfg = Debug|Any CPU
		{B9917B4B-AF27-4EEA-BD54-1CAB8D7D0540}.Debug|Any CPU.Build.0 = Debug|Any CPU
		{B9917B4B-AF27-4EEA-BD54-1CAB8D7D0540}.Release|Any CPU.ActiveCfg = Release|Any CPU
		{B9917B4B-AF27-4EEA-BD54-1CAB8D7D0540}.Release|Any CPU.Build.0 = Release|Any CPU
	EndGlobalSection
	GlobalSection(SolutionProperties) = preSolution
		HideSolutionNode = FALSE
	EndGlobalSection
	GlobalSection(ExtensibilityGlobals) = postSolution
		SolutionGuid = {243E46C8-0CED-4572-971F-F4C47B50C84D}
	EndGlobalSection
EndGlobal
